// !$*UTF8*$!
{
	archiveVersion = 1;
	classes = {
	};
	objectVersion = 46;
	objects = {

/* Begin PBXBuildFile section */
		B3C9731A14DD4E6E00BFE56E /* Foundation.framework in Frameworks */ = {isa = PBXBuildFile; fileRef = B3C9731914DD4E6E00BFE56E /* Foundation.framework */; };
		B3C9731D14DD4E6E00BFE56E /* main.m in Sources */ = {isa = PBXBuildFile; fileRef = B3C9731C14DD4E6E00BFE56E /* main.m */; };
		B3C9732114DD4E6E00BFE56E /* HelloWold.1 in CopyFiles */ = {isa = PBXBuildFile; fileRef = B3C9732014DD4E6E00BFE56E /* HelloWold.1 */; };
/* End PBXBuildFile section */

/* Begin PBXCopyFilesBuildPhase section */
		B3C9731314DD4E6E00BFE56E /* CopyFiles */ = {
			isa = PBXCopyFilesBuildPhase;
			buildActionMask = 2147483647;
			dstPath = /usr/share/man/man1/;
			dstSubfolderSpec = 0;
			files = (
				B3C9732114DD4E6E00BFE56E /* HelloWold.1 in CopyFiles */,
			);
			runOnlyForDeploymentPostprocessing = 1;
		};
/* End PBXCopyFilesBuildPhase section */

/* Begin PBXFileReference section */
		B3C9731514DD4E6E00BFE56E /* HelloWold */ = {isa = PBXFileReference; explicitFileType = "compiled.mach-o.executable"; includeInIndex = 0; path = HelloWold; sourceTree = BUILT_PRODUCTS_DIR; };
		B3C9731914DD4E6E00BFE56E /* Foundation.framework */ = {isa = PBXFileReference; lastKnownFileType = wrapper.framework; name = Foundation.framework; path = System/Library/Frameworks/Foundation.framework; sourceTree = SDKROOT; };
		B3C9731C14DD4E6E00BFE56E /* main.m */ = {isa = PBXFileReference; lastKnownFileType = sourcecode.c.objc; path = main.m; sourceTree = "<group>"; };
		B3C9731F14DD4E6E00BFE56E /* HelloWold-Prefix.pch */ = {isa = PBXFileReference; lastKnownFileType = sourcecode.c.h; path = "HelloWold-Prefix.pch"; sourceTree = "<group>"; };
		B3C9732014DD4E6E00BFE56E /* HelloWold.1 */ = {isa = PBXFileReference; lastKnownFileType = text.man; path = HelloWold.1; sourceTree = "<group>"; };
/* End PBXFileReference section */

/* Begin PBXFrameworksBuildPhase section */
		B3C9731214DD4E6E00BFE56E /* Frameworks */ = {
			isa = PBXFrameworksBuildPhase;
			buildActionMask = 2147483647;
			files = (
				B3C9731A14DD4E6E00BFE56E /* Foundation.framework in Frameworks */,
			);
			runOnlyForDeploymentPostprocessing = 0;
		};
/* End PBXFrameworksBuildPhase section */

/* Begin PBXGroup section */
		B3C9730A14DD4E6E00BFE56E = {
			isa = PBXGroup;
			children = (
				B3C9731B14DD4E6E00BFE56E /* HelloWold */,
				B3C9731814DD4E6E00BFE56E /* Frameworks */,
				B3C9731614DD4E6E00BFE56E /* Products */,
			);
			sourceTree = "<group>";
		};
		B3C9731614DD4E6E00BFE56E /* Products */ = {
			isa = PBXGroup;
			children = (
				B3C9731514DD4E6E00BFE56E /* HelloWold */,
			);
			name = Products;
			sourceTree = "<group>";
		};
		B3C9731814DD4E6E00BFE56E /* Frameworks */ = {
			isa = PBXGroup;
			children = (
				B3C9731914DD4E6E00BFE56E /* Foundation.framework */,
			);
			name = Frameworks;
			sourceTree = "<group>";
		};
		B3C9731B14DD4E6E00BFE56E /* HelloWold */ = {
			isa = PBXGroup;
			children = (
				B3C9731C14DD4E6E00BFE56E /* main.m */,
				B3C9732014DD4E6E00BFE56E /* HelloWold.1 */,
				B3C9731E14DD4E6E00BFE56E /* Supporting Files */,
			);
			path = HelloWold;
			sourceTree = "<group>";
		};
		B3C9731E14DD4E6E00BFE56E /* Supporting Files */ = {
			isa = PBXGroup;
			children = (
				B3C9731F14DD4E6E00BFE56E /* HelloWold-Prefix.pch */,
			);
			name = "Supporting Files";
			sourceTree = "<group>";
		};
/* End PBXGroup section */

/* Begin PBXNativeTarget section */
		B3C9731414DD4E6E00BFE56E /* HelloWold */ = {
			isa = PBXNativeTarget;
			buildConfigurationList = B3C9732414DD4E6E00BFE56E /* Build configuration list for PBXNativeTarget "HelloWold" */;
			buildPhases = (
				B3C9731114DD4E6E00BFE56E /* Sources */,
				B3C9731214DD4E6E00BFE56E /* Frameworks */,
				B3C9731314DD4E6E00BFE56E /* CopyFiles */,
			);
			buildRules = (
			);
			dependencies = (
			);
			name = HelloWold;
			productName = HelloWold;
			productReference = B3C9731514DD4E6E00BFE56E /* HelloWold */;
			productType = "com.apple.product-type.tool";
		};
/* End PBXNativeTarget section */

/* Begin PBXProject section */
		B3C9730C14DD4E6E00BFE56E /* Project object */ = {
			isa = PBXProject;
			attributes = {
				LastUpgradeCheck = 0420;
				ORGANIZATIONNAME = "Switch Driven";
			};
			buildConfigurationList = B3C9730F14DD4E6E00BFE56E /* Build configuration list for PBXProject "HelloWold" */;
			compatibilityVersion = "Xcode 3.2";
			developmentRegion = English;
			hasScannedForEncodings = 0;
			knownRegions = (
				en,
			);
			mainGroup = B3C9730A14DD4E6E00BFE56E;
			productRefGroup = B3C9731614DD4E6E00BFE56E /* Products */;
			projectDirPath = "";
			projectRoot = "";
			targets = (
				B3C9731414DD4E6E00BFE56E /* HelloWold */,
			);
		};
/* End PBXProject section */

/* Begin PBXSourcesBuildPhase section */
		B3C9731114DD4E6E00BFE56E /* Sources */ = {
			isa = PBXSourcesBuildPhase;
			buildActionMask = 2147483647;
			files = (
				B3C9731D14DD4E6E00BFE56E /* main.m in Sources */,
			);
			runOnlyForDeploymentPostprocessing = 0;
		};
/* End PBXSourcesBuildPhase section */

/* Begin XCBuildConfiguration section */
		B3C9732214DD4E6E00BFE56E /* Debug */ = {
			isa = XCBuildConfiguration;
			buildSettings = {
				ALWAYS_SEARCH_USER_PATHS = NO;
				ARCHS = "$(ARCHS_STANDARD_64_BIT)";
				CLANG_ENABLE_OBJC_ARC = YES;
				COPY_PHASE_STRIP = NO;
				GCC_C_LANGUAGE_STANDARD = gnu99;
				GCC_DYNAMIC_NO_PIC = NO;
				GCC_ENABLE_OBJC_EXCEPTIONS = YES;
				GCC_OPTIMIZATION_LEVEL = 0;
				GCC_PREPROCESSOR_DEFINITIONS = (
					"DEBUG=1",
					"$(inherited)",
				);
				GCC_SYMBOLS_PRIVATE_EXTERN = NO;
				GCC_VERSION = com.apple.compilers.llvm.clang.1_0;
				GCC_WARN_64_TO_32_BIT_CONVERSION = YES;
				GCC_WARN_ABOUT_MISSING_PROTOTYPES = YES;
				GCC_WARN_ABOUT_RETURN_TYPE = YES;
				GCC_WARN_UNUSED_VARIABLE = YES;
				MACOSX_DEPLOYMENT_TARGET = 10.7;
				ONLY_ACTIVE_ARCH = YES;
				SDKROOT = macosx;
			};
			name = Debug;
		};
		B3C9732314DD4E6E00BFE56E /* Release */ = {
			isa = XCBuildConfiguration;
			buildSettings = {
				ALWAYS_SEARCH_USER_PATHS = NO;
				ARCHS = "$(ARCHS_STANDARD_64_BIT)";
				CLANG_ENABLE_OBJC_ARC = YES;
				COPY_PHASE_STRIP = YES;
				DEBUG_INFORMATION_FORMAT = "dwarf-with-dsym";
				GCC_C_LANGUAGE_STANDARD = gnu99;
				GCC_ENABLE_OBJC_EXCEPTIONS = YES;
				GCC_VERSION = com.apple.compilers.llvm.clang.1_0;
				GCC_WARN_64_TO_32_BIT_CONVERSION = YES;
				GCC_WARN_ABOUT_MISSING_PROTOTYPES = YES;
				GCC_WARN_ABOUT_RETURN_TYPE = YES;
				GCC_WARN_UNUSED_VARIABLE = YES;
				MACOSX_DEPLOYMENT_TARGET = 10.7;
				SDKROOT = macosx;
			};
			name = Release;
		};
		B3C9732514DD4E6E00BFE56E /* Debug */ = {
			isa = XCBuildConfiguration;
			buildSettings = {
				GCC_PRECOMPILE_PREFIX_HEADER = YES;
				GCC_PREFIX_HEADER = "HelloWold/HelloWold-Prefix.pch";
				PRODUCT_NAME = "$(TARGET_NAME)";
			};
			name = Debug;
		};
		B3C9732614DD4E6E00BFE56E /* Release */ = {
			isa = XCBuildConfiguration;
			buildSettings = {
				GCC_PRECOMPILE_PREFIX_HEADER = YES;
				GCC_PREFIX_HEADER = "HelloWold/HelloWold-Prefix.pch";
				PRODUCT_NAME = "$(TARGET_NAME)";
			};
			name = Release;
		};
/* End XCBuildConfiguration section */

/* Begin XCConfigurationList section */
		B3C9730F14DD4E6E00BFE56E /* Build configuration list for PBXProject "HelloWold" */ = {
			isa = XCConfigurationList;
			buildConfigurations = (
				B3C9732214DD4E6E00BFE56E /* Debug */,
				B3C9732314DD4E6E00BFE56E /* Release */,
			);
			defaultConfigurationIsVisible = 0;
			defaultConfigurationName = Release;
		};
		B3C9732414DD4E6E00BFE56E /* Build configuration list for PBXNativeTarget "HelloWold" */ = {
			isa = XCConfigurationList;
			buildConfigurations = (
				B3C9732514DD4E6E00BFE56E /* Debug */,
				B3C9732614DD4E6E00BFE56E /* Release */,
			);
			defaultConfigurationIsVisible = 0;
		};
/* End XCConfigurationList section */
	};
	rootObject = B3C9730C14DD4E6E00BFE56E /* Project object */;
}
